
Microsoft Visual Studio Solution File, Format Version 12.00
# Visual Studio 15
VisualStudioVersion = 15.0.26228.9
MinimumVisualStudioVersion = 10.0.40219.1
Project("{FAE04EC0-301F-11D3-BF4B-00C04F79EFBC}") = "AL.Common", "AL.Common\AL.Common.csproj", "{4FEA0C08-D606-404C-963C-B648D86F3456}"
EndProject
Project("{FAE04EC0-301F-11D3-BF4B-00C04F79EFBC}") = "AL.Framework.Net", "AL.Framework.Net\AL.Framework.Net.csproj", "{392B6564-A977-4ED3-ACF0-319A41D6AE75}"
EndProject
Project("{FAE04EC0-301F-11D3-BF4B-00C04F79EFBC}") = "AL.Framework.MVC", "AL.Framework.MVC\AL.Framework.MVC.csproj", "{F7E727BD-6109-4B2A-9230-0DB8A2509F65}"
EndProject
Project("{FAE04EC0-301F-11D3-BF4B-00C04F79EFBC}") = "AL.Framework.API", "AL.Framework.API\AL.Framework.API.csproj", "{0F294FB5-F370-4D3D-BB6B-CDF7A3B03716}"
EndProject
Project("{FAE04EC0-301F-11D3-BF4B-00C04F79EFBC}") = "AL.DbContext", "AL.DbContext\AL.DbContext.csproj", "{979AC8E0-E830-46A7-B3ED-1CEEFFF3F5BE}"
EndProject
Project("{FAE04EC0-301F-11D3-BF4B-00C04F79EFBC}") = "AL.Test", "AL.Test\AL.Test.csproj", "{EF221007-27D7-4E47-AB27-ABA5FAD81B5D}"
EndProject
Global
	GlobalSection(SolutionConfigurationPlatforms) = preSolution
		Debug|Any CPU = Debug|Any CPU
		Release|Any CPU = Release|Any CPU
	EndGlobalSection
	GlobalSection(ProjectConfigurationPlatforms) = postSolution
		{4FEA0C08-D606-404C-963C-B648D86F3456}.Debug|Any CPU.ActiveCfg = Debug|Any CPU
		{4FEA0C08-D606-404C-963C-B648D86F3456}.Debug|Any CPU.Build.0 = Debug|Any CPU
		{4FEA0C08-D606-404C-963C-B648D86F3456}.Release|Any CPU.ActiveCfg = Release|Any CPU
		{4FEA0C08-D606-404C-963C-B648D86F3456}.Release|Any CPU.Build.0 = Release|Any CPU
		{392B6564-A977-4ED3-ACF0-319A41D6AE75}.Debug|Any CPU.ActiveCfg = Debug|Any CPU
		{392B6564-A977-4ED3-ACF0-319A41D6AE75}.Debug|Any CPU.Build.0 = Debug|Any CPU
		{392B6564-A977-4ED3-ACF0-319A41D6AE75}.Release|Any CPU.ActiveCfg = Release|Any CPU
		{392B6564-A977-4ED3-ACF0-319A41D6AE75}.Release|Any CPU.Build.0 = Release|Any CPU
		{F7E727BD-6109-4B2A-9230-0DB8A2509F65}.Debug|Any CPU.ActiveCfg = Debug|Any CPU
		{F7E727BD-6109-4B2A-9230-0DB8A2509F65}.Debug|Any CPU.Build.0 = Debug|Any CPU
		{F7E727BD-6109-4B2A-9230-0DB8A2509F65}.Release|Any CPU.ActiveCfg = Release|Any CPU
		{F7E727BD-6109-4B2A-9230-0DB8A2509F65}.Release|Any CPU.Build.0 = Release|Any CPU
		{0F294FB5-F370-4D3D-BB6B-CDF7A3B03716}.Debug|Any CPU.ActiveCfg = Debug|Any CPU
		{0F294FB5-F370-4D3D-BB6B-CDF7A3B03716}.Debug|Any CPU.Build.0 = Debug|Any CPU
		{0F294FB5-F370-4D3D-BB6B-CDF7A3B03716}.Release|Any CPU.ActiveCfg = Release|Any CPU
		{0F294FB5-F370-4D3D-BB6B-CDF7A3B03716}.Release|Any CPU.Build.0 = Release|Any CPU
		{979AC8E0-E830-46A7-B3ED-1CEEFFF3F5BE}.Debug|Any CPU.ActiveCfg = Debug|Any CPU
		{979AC8E0-E830-46A7-B3ED-1CEEFFF3F5BE}.Debug|Any CPU.Build.0 = Debug|Any CPU
		{979AC8E0-E830-46A7-B3ED-1CEEFFF3F5BE}.Release|Any CPU.ActiveCfg = Release|Any CPU
		{979AC8E0-E830-46A7-B3ED-1CEEFFF3F5BE}.Release|Any CPU.Build.0 = Release|Any CPU
		{EF221007-27D7-4E47-AB27-ABA5FAD81B5D}.Debug|Any CPU.ActiveCfg = Debug|Any CPU
		{EF221007-27D7-4E47-AB27-ABA5FAD81B5D}.Debug|Any CPU.Build.0 = Debug|Any CPU
		{EF221007-27D7-4E47-AB27-ABA5FAD81B5D}.Release|Any CPU.ActiveCfg = Release|Any CPU
		{EF221007-27D7-4E47-AB27-ABA5FAD81B5D}.Release|Any CPU.Build.0 = Release|Any CPU
	EndGlobalSection
	GlobalSection(SolutionProperties) = preSolution
		HideSolutionNode = FALSE
	EndGlobalSection
EndGlobal
